
Microsoft Visual Studio Solution File, Format Version 12.00
# Visual Studio Version 16
VisualStudioVersion = 16.0.30804.86
MinimumVisualStudioVersion = 10.0.40219.1
Project("{FAE04EC0-301F-11D3-BF4B-00C04F79EFBC}") = "AmiralBATTİİ", "AmiralBATTİİ\AmiralBATTİİ.csproj", "{6F7BF1FC-6CFE-498D-A3AF-A90EB7F971DC}"
EndProject
Project("{FAE04EC0-301F-11D3-BF4B-00C04F79EFBC}") = "Server", "Server\Server.csproj", "{C6DF4385-B7F2-4D2B-B1BB-011E2BAD4CF8}"
EndProject
Global
	GlobalSection(SolutionConfigurationPlatforms) = preSolution
		Debug|Any CPU = Debug|Any CPU
		Debug|x86 = Debug|x86
		Release|Any CPU = Release|Any CPU
		Release|x86 = Release|x86
	EndGlobalSection
	GlobalSection(ProjectConfigurationPlatforms) = postSolution
		{6F7BF1FC-6CFE-498D-A3AF-A90EB7F971DC}.Debug|Any CPU.ActiveCfg = Debug|Any CPU
		{6F7BF1FC-6CFE-498D-A3AF-A90EB7F971DC}.Debug|Any CPU.Build.0 = Debug|Any CPU
		{6F7BF1FC-6CFE-498D-A3AF-A90EB7F971DC}.Debug|x86.ActiveCfg = Debug|Any CPU
		{6F7BF1FC-6CFE-498D-A3AF-A90EB7F971DC}.Debug|x86.Build.0 = Debug|Any CPU
		{6F7BF1FC-6CFE-498D-A3AF-A90EB7F971DC}.Release|Any CPU.ActiveCfg = Release|Any CPU
		{6F7BF1FC-6CFE-498D-A3AF-A90EB7F971DC}.Release|Any CPU.Build.0 = Release|Any CPU
		{6F7BF1FC-6CFE-498D-A3AF-A90EB7F971DC}.Release|x86.ActiveCfg = Release|Any CPU
		{6F7BF1FC-6CFE-498D-A3AF-A90EB7F971DC}.Release|x86.Build.0 = Release|Any CPU
		{C6DF4385-B7F2-4D2B-B1BB-011E2BAD4CF8}.Debug|Any CPU.ActiveCfg = Debug|Any CPU
		{C6DF4385-B7F2-4D2B-B1BB-011E2BAD4CF8}.Debug|Any CPU.Build.0 = Debug|Any CPU
		{C6DF4385-B7F2-4D2B-B1BB-011E2BAD4CF8}.Debug|x86.ActiveCfg = Debug|Any CPU
		{C6DF4385-B7F2-4D2B-B1BB-011E2BAD4CF8}.Debug|x86.Build.0 = Debug|Any CPU
		{C6DF4385-B7F2-4D2B-B1BB-011E2BAD4CF8}.Release|Any CPU.ActiveCfg = Release|Any CPU
		{C6DF4385-B7F2-4D2B-B1BB-011E2BAD4CF8}.Release|Any CPU.Build.0 = Release|Any CPU
		{C6DF4385-B7F2-4D2B-B1BB-011E2BAD4CF8}.Release|x86.ActiveCfg = Release|Any CPU
		{C6DF4385-B7F2-4D2B-B1BB-011E2BAD4CF8}.Release|x86.Build.0 = Release|Any CPU
	EndGlobalSection
	GlobalSection(SolutionProperties) = preSolution
		HideSolutionNode = FALSE
	EndGlobalSection
	GlobalSection(ExtensibilityGlobals) = postSolution
		SolutionGuid = {5E0AFB52-F73B-4445-B6FB-CD46DD11E6D3}
	EndGlobalSection
EndGlobal
